
Microsoft Visual Studio Solution File, Format Version 12.00
# Visual Studio Version 17
VisualStudioVersion = 17.7.34221.43
MinimumVisualStudioVersion = 10.0.40219.1
Project("{FAE04EC0-301F-11D3-BF4B-00C04F79EFBC}") = "Assignment 5-part2", "Assignment 5-part2.csproj", "{65B67A36-6912-4CB0-A275-A45C3BFC0B5B}"
EndProject
Global
	GlobalSection(SolutionConfigurationPlatforms) = preSolution
		Debug|Any CPU = Debug|Any CPU
		Release|Any CPU = Release|Any CPU
	EndGlobalSection
	GlobalSection(ProjectConfigurationPlatforms) = postSolution
		{65B67A36-6912-4CB0-A275-A45C3BFC0B5B}.Debug|Any CPU.ActiveCfg = Debug|Any CPU
		{65B67A36-6912-4CB0-A275-A45C3BFC0B5B}.Debug|Any CPU.Build.0 = Debug|Any CPU
		{65B67A36-6912-4CB0-A275-A45C3BFC0B5B}.Release|Any CPU.ActiveCfg = Release|Any CPU
		{65B67A36-6912-4CB0-A275-A45C3BFC0B5B}.Release|Any CPU.Build.0 = Release|Any CPU
	EndGlobalSection
	GlobalSection(SolutionProperties) = preSolution
		HideSolutionNode = FALSE
	EndGlobalSection
	GlobalSection(ExtensibilityGlobals) = postSolution
		SolutionGuid = {E0F5490C-DD72-4AD5-9212-918CAA77F1B1}
	EndGlobalSection
EndGlobal
